Microsoft Visual Studio Solution File, Format Version 12.00
# Visual Studio Version 17
VisualStudioVersion = 17.13.35913.81 d17.13
MinimumVisualStudioVersion = 10.0.40219.1
Project("{FAE04EC0-301F-11D3-BF4B-00C04F79EFBC}") = "Adaya", "Adaya.csproj", "{8FFB61C0-C26A-49BE-BA2D-178616E01A7B}"
EndProject
Global
	GlobalSection(SolutionConfigurationPlatforms) = preSolution
		Debug|Any CPU = Debug|Any CPU
		Release|Any CPU = Release|Any CPU
	EndGlobalSection
	GlobalSection(ProjectConfigurationPlatforms) = postSolution
		{8FFB61C0-C26A-49BE-BA2D-178616E01A7B}.Debug|Any CPU.ActiveCfg = Debug|Any CPU
		{8FFB61C0-C26A-49BE-BA2D-178616E01A7B}.Debug|Any CPU.Build.0 = Debug|Any CPU
		{8FFB61C0-C26A-49BE-BA2D-178616E01A7B}.Release|Any CPU.ActiveCfg = Release|Any CPU
		{8FFB61C0-C26A-49BE-BA2D-178616E01A7B}.Release|Any CPU.Build.0 = Release|Any CPU
	EndGlobalSection
	GlobalSection(SolutionProperties) = preSolution
		HideSolutionNode = FALSE
	EndGlobalSection
	GlobalSection(ExtensibilityGlobals) = postSolution
		SolutionGuid = {1FDB631B-126F-41F6-957B-DA046E1D6F09}
	EndGlobalSection
EndGlobal
